
Microsoft Visual Studio Solution File, Format Version 12.00
# Visual Studio 15
VisualStudioVersion = 15.0.28307.1831
MinimumVisualStudioVersion = 10.0.40219.1
Project("{159641D6-6404-4A2A-AE62-294DE0FE8301}") = "SSIS", "SSIS\SSIS.dtproj", "{70BBA9BB-82A4-44E8-BC65-AECD668DDB37}"
EndProject
Global
	GlobalSection(SolutionConfigurationPlatforms) = preSolution
		Development|Default = Development|Default
	EndGlobalSection
	GlobalSection(ProjectConfigurationPlatforms) = postSolution
		{70BBA9BB-82A4-44E8-BC65-AECD668DDB37}.Development|Default.ActiveCfg = Development
		{70BBA9BB-82A4-44E8-BC65-AECD668DDB37}.Development|Default.Build.0 = Development
	EndGlobalSection
	GlobalSection(SolutionProperties) = preSolution
		HideSolutionNode = FALSE
	EndGlobalSection
	GlobalSection(ExtensibilityGlobals) = postSolution
		SolutionGuid = {ACC18F9E-0F0C-40A9-8F4C-073B12B0AB6C}
	EndGlobalSection
EndGlobal
